// !$*UTF8*$!
{
	archiveVersion = 1;
	classes = {
	};
	objectVersion = 50;
	objects = {

/* Begin PBXBuildFile section */
		F0BECE8525E74098004960D9 /* AppDelegate.swift in Sources */ = {isa = PBXBuildFile; fileRef = F0BECE8425E74098004960D9 /* AppDelegate.swift */; };
		F0BECE8725E74098004960D9 /* SceneDelegate.swift in Sources */ = {isa = PBXBuildFile; fileRef = F0BECE8625E74098004960D9 /* SceneDelegate.swift */; };
		F0BECE8925E74098004960D9 /* ViewController.swift in Sources */ = {isa = PBXBuildFile; fileRef = F0BECE8825E74098004960D9 /* ViewController.swift */; };
		F0BECE8C25E74098004960D9 /* Main.storyboard in Resources */ = {isa = PBXBuildFile; fileRef = F0BECE8A25E74098004960D9 /* Main.storyboard */; };
		F0BECE8E25E740A4004960D9 /* Assets.xcassets in Resources */ = {isa = PBXBuildFile; fileRef = F0BECE8D25E740A4004960D9 /* Assets.xcassets */; };
		F0BECE9125E740A4004960D9 /* LaunchScreen.storyboard in Resources */ = {isa = PBXBuildFile; fileRef = F0BECE8F25E740A4004960D9 /* LaunchScreen.storyboard */; };
		F0BECE9C25E740A4004960D9 /* SwiftMasteryTests.swift in Sources */ = {isa = PBXBuildFile; fileRef = F0BECE9B25E740A4004960D9 /* SwiftMasteryTests.swift */; };
		F0BECEA725E740A4004960D9 /* SwiftMasteryUITests.swift in Sources */ = {isa = PBXBuildFile; fileRef = F0BECEA625E740A4004960D9 /* SwiftMasteryUITests.swift */; };
		F0BECEB825E740C4004960D9 /* Range.swift in Sources */ = {isa = PBXBuildFile; fileRef = F0BECEB725E740C4004960D9 /* Range.swift */; };
		F0BECEBD25E77A11004960D9 /* Practicable.swift in Sources */ = {isa = PBXBuildFile; fileRef = F0BECEBC25E77A11004960D9 /* Practicable.swift */; };
		F0BECEC325E78278004960D9 /* NSObject+ClassName.swift in Sources */ = {isa = PBXBuildFile; fileRef = F0BECEC225E78278004960D9 /* NSObject+ClassName.swift */; };
		F0BECECB25E7838C004960D9 /* UITableView+Register.swift in Sources */ = {isa = PBXBuildFile; fileRef = F0BECECA25E7838C004960D9 /* UITableView+Register.swift */; };
		F0BECED025E79163004960D9 /* BaseViewController.swift in Sources */ = {isa = PBXBuildFile; fileRef = F0BECECF25E79163004960D9 /* BaseViewController.swift */; };
		F0BECEDD25E791CB004960D9 /* HomePageViewController.swift in Sources */ = {isa = PBXBuildFile; fileRef = F0BECEDC25E791CB004960D9 /* HomePageViewController.swift */; };
		F0BECEE525E793BB004960D9 /* BaseViewModel.swift in Sources */ = {isa = PBXBuildFile; fileRef = F0BECEE425E793BB004960D9 /* BaseViewModel.swift */; };
		F0BECEEA25E7A2EF004960D9 /* DICProtocol.swift in Sources */ = {isa = PBXBuildFile; fileRef = F0BECEE925E7A2EF004960D9 /* DICProtocol.swift */; };
		F0BECEEF25E7A3B4004960D9 /* DIC.swift in Sources */ = {isa = PBXBuildFile; fileRef = F0BECEEE25E7A3B4004960D9 /* DIC.swift */; };
		F0BECEF425E7A5DC004960D9 /* HomePageViewModel.swift in Sources */ = {isa = PBXBuildFile; fileRef = F0BECEF325E7A5DC004960D9 /* HomePageViewModel.swift */; };
		F0BECEF925E7A613004960D9 /* ViewModelType.swift in Sources */ = {isa = PBXBuildFile; fileRef = F0BECEF825E7A613004960D9 /* ViewModelType.swift */; };
		F0BECF0225E89A4B004960D9 /* BaseTableViewCell.swift in Sources */ = {isa = PBXBuildFile; fileRef = F0BECF0125E89A4B004960D9 /* BaseTableViewCell.swift */; };
		F0BECF0B25E8D233004960D9 /* Function.swift in Sources */ = {isa = PBXBuildFile; fileRef = F0BECF0A25E8D233004960D9 /* Function.swift */; };
		F0BECF1025E8EDF6004960D9 /* FunctionCellVM.swift in Sources */ = {isa = PBXBuildFile; fileRef = F0BECF0F25E8EDF6004960D9 /* FunctionCellVM.swift */; };
		F0BECF1825E8EEDB004960D9 /* FuncTableViewCell.swift in Sources */ = {isa = PBXBuildFile; fileRef = F0BECF1725E8EEDB004960D9 /* FuncTableViewCell.swift */; };
/* End PBXBuildFile section */

/* Begin PBXContainerItemProxy section */
		F0BECE9825E740A4004960D9 /* PBXContainerItemProxy */ = {
			isa = PBXContainerItemProxy;
			containerPortal = F0BECE7925E74098004960D9 /* Project object */;
			proxyType = 1;
			remoteGlobalIDString = F0BECE8025E74098004960D9;
			remoteInfo = SwiftMastery;
		};
		F0BECEA325E740A4004960D9 /* PBXContainerItemProxy */ = {
			isa = PBXContainerItemProxy;
			containerPortal = F0BECE7925E74098004960D9 /* Project object */;
			proxyType = 1;
			remoteGlobalIDString = F0BECE8025E74098004960D9;
			remoteInfo = SwiftMastery;
		};
/* End PBXContainerItemProxy section */

/* Begin PBXFileReference section */
		F0BECE8125E74098004960D9 /* SwiftMastery.app */ = {isa = PBXFileReference; explicitFileType = wrapper.application; includeInIndex = 0; path = SwiftMastery.app; sourceTree = BUILT_PRODUCTS_DIR; };
		F0BECE8425E74098004960D9 /* AppDelegate.swift */ = {isa = PBXFileReference; lastKnownFileType = sourcecode.swift; path = AppDelegate.swift; sourceTree = "<group>"; };
		F0BECE8625E74098004960D9 /* SceneDelegate.swift */ = {isa = PBXFileReference; lastKnownFileType = sourcecode.swift; path = SceneDelegate.swift; sourceTree = "<group>"; };
		F0BECE8825E74098004960D9 /* ViewController.swift */ = {isa = PBXFileReference; lastKnownFileType = sourcecode.swift; path = ViewController.swift; sourceTree = "<group>"; };
		F0BECE8B25E74098004960D9 /* Base */ = {isa = PBXFileReference; lastKnownFileType = file.storyboard; name = Base; path = Base.lproj/Main.storyboard; sourceTree = "<group>"; };
		F0BECE8D25E740A4004960D9 /* Assets.xcassets */ = {isa = PBXFileReference; lastKnownFileType = folder.assetcatalog; path = Assets.xcassets; sourceTree = "<group>"; };
		F0BECE9025E740A4004960D9 /* Base */ = {isa = PBXFileReference; lastKnownFileType = file.storyboard; name = Base; path = Base.lproj/LaunchScreen.storyboard; sourceTree = "<group>"; };
		F0BECE9225E740A4004960D9 /* Info.plist */ = {isa = PBXFileReference; lastKnownFileType = text.plist.xml; path = Info.plist; sourceTree = "<group>"; };
		F0BECE9725E740A4004960D9 /* SwiftMasteryTests.xctest */ = {isa = PBXFileReference; explicitFileType = wrapper.cfbundle; includeInIndex = 0; path = SwiftMasteryTests.xctest; sourceTree = BUILT_PRODUCTS_DIR; };
		F0BECE9B25E740A4004960D9 /* SwiftMasteryTests.swift */ = {isa = PBXFileReference; lastKnownFileType = sourcecode.swift; path = SwiftMasteryTests.swift; sourceTree = "<group>"; };
		F0BECE9D25E740A4004960D9 /* Info.plist */ = {isa = PBXFileReference; lastKnownFileType = text.plist.xml; path = Info.plist; sourceTree = "<group>"; };
		F0BECEA225E740A4004960D9 /* SwiftMasteryUITests.xctest */ = {isa = PBXFileReference; explicitFileType = wrapper.cfbundle; includeInIndex = 0; path = SwiftMasteryUITests.xctest; sourceTree = BUILT_PRODUCTS_DIR; };
		F0BECEA625E740A4004960D9 /* SwiftMasteryUITests.swift */ = {isa = PBXFileReference; lastKnownFileType = sourcecode.swift; path = SwiftMasteryUITests.swift; sourceTree = "<group>"; };
		F0BECEA825E740A4004960D9 /* Info.plist */ = {isa = PBXFileReference; lastKnownFileType = text.plist.xml; path = Info.plist; sourceTree = "<group>"; };
		F0BECEB725E740C4004960D9 /* Range.swift */ = {isa = PBXFileReference; lastKnownFileType = sourcecode.swift; path = Range.swift; sourceTree = "<group>"; };
		F0BECEBC25E77A11004960D9 /* Practicable.swift */ = {isa = PBXFileReference; lastKnownFileType = sourcecode.swift; path = Practicable.swift; sourceTree = "<group>"; };
		F0BECEC225E78278004960D9 /* NSObject+ClassName.swift */ = {isa = PBXFileReference; lastKnownFileType = sourcecode.swift; path = "NSObject+ClassName.swift"; sourceTree = "<group>"; };
		F0BECECA25E7838C004960D9 /* UITableView+Register.swift */ = {isa = PBXFileReference; lastKnownFileType = sourcecode.swift; path = "UITableView+Register.swift"; sourceTree = "<group>"; };
		F0BECECF25E79163004960D9 /* BaseViewController.swift */ = {isa = PBXFileReference; lastKnownFileType = sourcecode.swift; path = BaseViewController.swift; sourceTree = "<group>"; };
		F0BECEDC25E791CB004960D9 /* HomePageViewController.swift */ = {isa = PBXFileReference; lastKnownFileType = sourcecode.swift; path = HomePageViewController.swift; sourceTree = "<group>"; };
		F0BECEE425E793BB004960D9 /* BaseViewModel.swift */ = {isa = PBXFileReference; lastKnownFileType = sourcecode.swift; path = BaseViewModel.swift; sourceTree = "<group>"; };
		F0BECEE925E7A2EF004960D9 /* DICProtocol.swift */ = {isa = PBXFileReference; lastKnownFileType = sourcecode.swift; path = DICProtocol.swift; sourceTree = "<group>"; };
		F0BECEEE25E7A3B4004960D9 /* DIC.swift */ = {isa = PBXFileReference; lastKnownFileType = sourcecode.swift; path = DIC.swift; sourceTree = "<group>"; };
		F0BECEF325E7A5DC004960D9 /* HomePageViewModel.swift */ = {isa = PBXFileReference; lastKnownFileType = sourcecode.swift; path = HomePageViewModel.swift; sourceTree = "<group>"; };
		F0BECEF825E7A613004960D9 /* ViewModelType.swift */ = {isa = PBXFileReference; lastKnownFileType = sourcecode.swift; path = ViewModelType.swift; sourceTree = "<group>"; };
		F0BECF0125E89A4B004960D9 /* BaseTableViewCell.swift */ = {isa = PBXFileReference; lastKnownFileType = sourcecode.swift; path = BaseTableViewCell.swift; sourceTree = "<group>"; };
		F0BECF0A25E8D233004960D9 /* Function.swift */ = {isa = PBXFileReference; lastKnownFileType = sourcecode.swift; path = Function.swift; sourceTree = "<group>"; };
		F0BECF0F25E8EDF6004960D9 /* FunctionCellVM.swift */ = {isa = PBXFileReference; lastKnownFileType = sourcecode.swift; path = FunctionCellVM.swift; sourceTree = "<group>"; };
		F0BECF1725E8EEDB004960D9 /* FuncTableViewCell.swift */ = {isa = PBXFileReference; lastKnownFileType = sourcecode.swift; path = FuncTableViewCell.swift; sourceTree = "<group>"; };
/* End PBXFileReference section */

/* Begin PBXFrameworksBuildPhase section */
		F0BECE7E25E74098004960D9 /* Frameworks */ = {
			isa = PBXFrameworksBuildPhase;
			buildActionMask = 2147483647;
			files = (
			);
			runOnlyForDeploymentPostprocessing = 0;
		};
		F0BECE9425E740A4004960D9 /* Frameworks */ = {
			isa = PBXFrameworksBuildPhase;
			buildActionMask = 2147483647;
			files = (
			);
			runOnlyForDeploymentPostprocessing = 0;
		};
		F0BECE9F25E740A4004960D9 /* Frameworks */ = {
			isa = PBXFrameworksBuildPhase;
			buildActionMask = 2147483647;
			files = (
			);
			runOnlyForDeploymentPostprocessing = 0;
		};
/* End PBXFrameworksBuildPhase section */

/* Begin PBXGroup section */
		F0BECE7825E74098004960D9 = {
			isa = PBXGroup;
			children = (
				F0BECE8325E74098004960D9 /* SwiftMastery */,
				F0BECE9A25E740A4004960D9 /* SwiftMasteryTests */,
				F0BECEA525E740A4004960D9 /* SwiftMasteryUITests */,
				F0BECE8225E74098004960D9 /* Products */,
			);
			sourceTree = "<group>";
		};
		F0BECE8225E74098004960D9 /* Products */ = {
			isa = PBXGroup;
			children = (
				F0BECE8125E74098004960D9 /* SwiftMastery.app */,
				F0BECE9725E740A4004960D9 /* SwiftMasteryTests.xctest */,
				F0BECEA225E740A4004960D9 /* SwiftMasteryUITests.xctest */,
			);
			name = Products;
			sourceTree = "<group>";
		};
		F0BECE8325E74098004960D9 /* SwiftMastery */ = {
			isa = PBXGroup;
			children = (
				F0BECE8425E74098004960D9 /* AppDelegate.swift */,
				F0BECE8625E74098004960D9 /* SceneDelegate.swift */,
				F0BECE8825E74098004960D9 /* ViewController.swift */,
				F0BECE8A25E74098004960D9 /* Main.storyboard */,
				F0BECE8D25E740A4004960D9 /* Assets.xcassets */,
				F0BECE8F25E740A4004960D9 /* LaunchScreen.storyboard */,
				F0BECE9225E740A4004960D9 /* Info.plist */,
				F0BECF0625E89FCA004960D9 /* Functions */,
				F0BECED425E7916B004960D9 /* Protocols */,
				F0BECED825E79179004960D9 /* Base */,
				F0BECEC125E7824F004960D9 /* Utils */,
				F0BECEFD25E7A622004960D9 /* HomePage */,
				F0BECEEE25E7A3B4004960D9 /* DIC.swift */,
				F0BECF1C25E8EEE7004960D9 /* FunctionUI */,
			);
			path = SwiftMastery;
			sourceTree = "<group>";
		};
		F0BECE9A25E740A4004960D9 /* SwiftMasteryTests */ = {
			isa = PBXGroup;
			children = (
				F0BECE9B25E740A4004960D9 /* SwiftMasteryTests.swift */,
				F0BECE9D25E740A4004960D9 /* Info.plist */,
			);
			path = SwiftMasteryTests;
			sourceTree = "<group>";
		};
		F0BECEA525E740A4004960D9 /* SwiftMasteryUITests */ = {
			isa = PBXGroup;
			children = (
				F0BECEA625E740A4004960D9 /* SwiftMasteryUITests.swift */,
				F0BECEA825E740A4004960D9 /* Info.plist */,
			);
			path = SwiftMasteryUITests;
			sourceTree = "<group>";
		};
		F0BECEC125E7824F004960D9 /* Utils */ = {
			isa = PBXGroup;
			children = (
				F0BECEC225E78278004960D9 /* NSObject+ClassName.swift */,
				F0BECECA25E7838C004960D9 /* UITableView+Register.swift */,
			);
			path = Utils;
			sourceTree = "<group>";
		};
		F0BECED425E7916B004960D9 /* Protocols */ = {
			isa = PBXGroup;
			children = (
				F0BECEBC25E77A11004960D9 /* Practicable.swift */,
				F0BECEE925E7A2EF004960D9 /* DICProtocol.swift */,
				F0BECEF825E7A613004960D9 /* ViewModelType.swift */,
			);
			path = Protocols;
			sourceTree = "<group>";
		};
		F0BECED825E79179004960D9 /* Base */ = {
			isa = PBXGroup;
			children = (
				F0BECECF25E79163004960D9 /* BaseViewController.swift */,
				F0BECEE425E793BB004960D9 /* BaseViewModel.swift */,
				F0BECF0125E89A4B004960D9 /* BaseTableViewCell.swift */,
			);
			path = Base;
			sourceTree = "<group>";
		};
		F0BECEFD25E7A622004960D9 /* HomePage */ = {
			isa = PBXGroup;
			children = (
				F0BECEDC25E791CB004960D9 /* HomePageViewController.swift */,
				F0BECEF325E7A5DC004960D9 /* HomePageViewModel.swift */,
			);
			path = HomePage;
			sourceTree = "<group>";
		};
		F0BECF0625E89FCA004960D9 /* Functions */ = {
			isa = PBXGroup;
			children = (
				F0BECF0A25E8D233004960D9 /* Function.swift */,
				F0BECEB725E740C4004960D9 /* Range.swift */,
			);
			path = Functions;
			sourceTree = "<group>";
		};
		F0BECF1C25E8EEE7004960D9 /* FunctionUI */ = {
			isa = PBXGroup;
			children = (
				F0BECF0F25E8EDF6004960D9 /* FunctionCellVM.swift */,
				F0BECF1725E8EEDB004960D9 /* FuncTableViewCell.swift */,
			);
			path = FunctionUI;
			sourceTree = "<group>";
		};
/* End PBXGroup section */

/* Begin PBXNativeTarget section */
		F0BECE8025E74098004960D9 /* SwiftMastery */ = {
			isa = PBXNativeTarget;
			buildConfigurationList = F0BECEAB25E740A4004960D9 /* Build configuration list for PBXNativeTarget "SwiftMastery" */;
			buildPhases = (
				F0BECE7D25E74098004960D9 /* Sources */,
				F0BECE7E25E74098004960D9 /* Frameworks */,
				F0BECE7F25E74098004960D9 /* Resources */,
			);
			buildRules = (
			);
			dependencies = (
			);
			name = SwiftMastery;
			productName = SwiftMastery;
			productReference = F0BECE8125E74098004960D9 /* SwiftMastery.app */;
			productType = "com.apple.product-type.application";
		};
		F0BECE9625E740A4004960D9 /* SwiftMasteryTests */ = {
			isa = PBXNativeTarget;
			buildConfigurationList = F0BECEAE25E740A4004960D9 /* Build configuration list for PBXNativeTarget "SwiftMasteryTests" */;
			buildPhases = (
				F0BECE9325E740A4004960D9 /* Sources */,
				F0BECE9425E740A4004960D9 /* Frameworks */,
				F0BECE9525E740A4004960D9 /* Resources */,
			);
			buildRules = (
			);
			dependencies = (
				F0BECE9925E740A4004960D9 /* PBXTargetDependency */,
			);
			name = SwiftMasteryTests;
			productName = SwiftMasteryTests;
			productReference = F0BECE9725E740A4004960D9 /* SwiftMasteryTests.xctest */;
			productType = "com.apple.product-type.bundle.unit-test";
		};
		F0BECEA125E740A4004960D9 /* SwiftMasteryUITests */ = {
			isa = PBXNativeTarget;
			buildConfigurationList = F0BECEB125E740A4004960D9 /* Build configuration list for PBXNativeTarget "SwiftMasteryUITests" */;
			buildPhases = (
				F0BECE9E25E740A4004960D9 /* Sources */,
				F0BECE9F25E740A4004960D9 /* Frameworks */,
				F0BECEA025E740A4004960D9 /* Resources */,
			);
			buildRules = (
			);
			dependencies = (
				F0BECEA425E740A4004960D9 /* PBXTargetDependency */,
			);
			name = SwiftMasteryUITests;
			productName = SwiftMasteryUITests;
			productReference = F0BECEA225E740A4004960D9 /* SwiftMasteryUITests.xctest */;
			productType = "com.apple.product-type.bundle.ui-testing";
		};
/* End PBXNativeTarget section */

/* Begin PBXProject section */
		F0BECE7925E74098004960D9 /* Project object */ = {
			isa = PBXProject;
			attributes = {
				LastSwiftUpdateCheck = 1240;
				LastUpgradeCheck = 1240;
				TargetAttributes = {
					F0BECE8025E74098004960D9 = {
						CreatedOnToolsVersion = 12.4;
					};
					F0BECE9625E740A4004960D9 = {
						CreatedOnToolsVersion = 12.4;
						TestTargetID = F0BECE8025E74098004960D9;
					};
					F0BECEA125E740A4004960D9 = {
						CreatedOnToolsVersion = 12.4;
						TestTargetID = F0BECE8025E74098004960D9;
					};
				};
			};
			buildConfigurationList = F0BECE7C25E74098004960D9 /* Build configuration list for PBXProject "SwiftMastery" */;
			compatibilityVersion = "Xcode 9.3";
			developmentRegion = en;
			hasScannedForEncodings = 0;
			knownRegions = (
				en,
				Base,
			);
			mainGroup = F0BECE7825E74098004960D9;
			productRefGroup = F0BECE8225E74098004960D9 /* Products */;
			projectDirPath = "";
			projectRoot = "";
			targets = (
				F0BECE8025E74098004960D9 /* SwiftMastery */,
				F0BECE9625E740A4004960D9 /* SwiftMasteryTests */,
				F0BECEA125E740A4004960D9 /* SwiftMasteryUITests */,
			);
		};
/* End PBXProject section */

/* Begin PBXResourcesBuildPhase section */
		F0BECE7F25E74098004960D9 /* Resources */ = {
			isa = PBXResourcesBuildPhase;
			buildActionMask = 2147483647;
			files = (
				F0BECE9125E740A4004960D9 /* LaunchScreen.storyboard in Resources */,
				F0BECE8E25E740A4004960D9 /* Assets.xcassets in Resources */,
				F0BECE8C25E74098004960D9 /* Main.storyboard in Resources */,
			);
			runOnlyForDeploymentPostprocessing = 0;
		};
		F0BECE9525E740A4004960D9 /* Resources */ = {
			isa = PBXResourcesBuildPhase;
			buildActionMask = 2147483647;
			files = (
			);
			runOnlyForDeploymentPostprocessing = 0;
		};
		F0BECEA025E740A4004960D9 /* Resources */ = {
			isa = PBXResourcesBuildPhase;
			buildActionMask = 2147483647;
			files = (
			);
			runOnlyForDeploymentPostprocessing = 0;
		};
/* End PBXResourcesBuildPhase section */

/* Begin PBXSourcesBuildPhase section */
		F0BECE7D25E74098004960D9 /* Sources */ = {
			isa = PBXSourcesBuildPhase;
			buildActionMask = 2147483647;
			files = (
				F0BECEEF25E7A3B4004960D9 /* DIC.swift in Sources */,
				F0BECE8925E74098004960D9 /* ViewController.swift in Sources */,
				F0BECEE525E793BB004960D9 /* BaseViewModel.swift in Sources */,
				F0BECEC325E78278004960D9 /* NSObject+ClassName.swift in Sources */,
				F0BECEF425E7A5DC004960D9 /* HomePageViewModel.swift in Sources */,
				F0BECEDD25E791CB004960D9 /* HomePageViewController.swift in Sources */,
				F0BECEF925E7A613004960D9 /* ViewModelType.swift in Sources */,
				F0BECECB25E7838C004960D9 /* UITableView+Register.swift in Sources */,
				F0BECF1025E8EDF6004960D9 /* FunctionCellVM.swift in Sources */,
				F0BECEBD25E77A11004960D9 /* Practicable.swift in Sources */,
				F0BECE8525E74098004960D9 /* AppDelegate.swift in Sources */,
				F0BECED025E79163004960D9 /* BaseViewController.swift in Sources */,
				F0BECEEA25E7A2EF004960D9 /* DICProtocol.swift in Sources */,
				F0BECF1825E8EEDB004960D9 /* FuncTableViewCell.swift in Sources */,
				F0BECE8725E74098004960D9 /* SceneDelegate.swift in Sources */,
				F0BECF0225E89A4B004960D9 /* BaseTableViewCell.swift in Sources */,
				F0BECEB825E740C4004960D9 /* Range.swift in Sources */,
				F0BECF0B25E8D233004960D9 /* Function.swift in Sources */,
			);
			runOnlyForDeploymentPostprocessing = 0;
		};
		F0BECE9325E740A4004960D9 /* Sources */ = {
			isa = PBXSourcesBuildPhase;
			buildActionMask = 2147483647;
			files = (
				F0BECE9C25E740A4004960D9 /* SwiftMasteryTests.swift in Sources */,
			);
			runOnlyForDeploymentPostprocessing = 0;
		};
		F0BECE9E25E740A4004960D9 /* Sources */ = {
			isa = PBXSourcesBuildPhase;
			buildActionMask = 2147483647;
			files = (
				F0BECEA725E740A4004960D9 /* SwiftMasteryUITests.swift in Sources */,
			);
			runOnlyForDeploymentPostprocessing = 0;
		};
/* End PBXSourcesBuildPhase section */

/* Begin PBXTargetDependency section */
		F0BECE9925E740A4004960D9 /* PBXTargetDependency */ = {
			isa = PBXTargetDependency;
			target = F0BECE8025E74098004960D9 /* SwiftMastery */;
			targetProxy = F0BECE9825E740A4004960D9 /* PBXContainerItemProxy */;
		};
		F0BECEA425E740A4004960D9 /* PBXTargetDependency */ = {
			isa = PBXTargetDependency;
			target = F0BECE8025E74098004960D9 /* SwiftMastery */;
			targetProxy = F0BECEA325E740A4004960D9 /* PBXContainerItemProxy */;
		};
/* End PBXTargetDependency section */

/* Begin PBXVariantGroup section */
		F0BECE8A25E74098004960D9 /* Main.storyboard */ = {
			isa = PBXVariantGroup;
			children = (
				F0BECE8B25E74098004960D9 /* Base */,
			);
			name = Main.storyboard;
			sourceTree = "<group>";
		};
		F0BECE8F25E740A4004960D9 /* LaunchScreen.storyboard */ = {
			isa = PBXVariantGroup;
			children = (
				F0BECE9025E740A4004960D9 /* Base */,
			);
			name = LaunchScreen.storyboard;
			sourceTree = "<group>";
		};
/* End PBXVariantGroup section */

/* Begin XCBuildConfiguration section */
		F0BECEA925E740A4004960D9 /* Debug */ = {
			isa = XCBuildConfiguration;
			buildSettings = {
				ALWAYS_SEARCH_USER_PATHS = NO;
				CLANG_ANALYZER_NONNULL = YES;
				CLANG_ANALYZER_NUMBER_OBJECT_CONVERSION = YES_AGGRESSIVE;
				CLANG_CXX_LANGUAGE_STANDARD = "gnu++14";
				CLANG_CXX_LIBRARY = "libc++";
				CLANG_ENABLE_MODULES = YES;
				CLANG_ENABLE_OBJC_ARC = YES;
				CLANG_ENABLE_OBJC_WEAK = YES;
				CLANG_WARN_BLOCK_CAPTURE_AUTORELEASING = YES;
				CLANG_WARN_BOOL_CONVERSION = YES;
				CLANG_WARN_COMMA = YES;
				CLANG_WARN_CONSTANT_CONVERSION = YES;
				CLANG_WARN_DEPRECATED_OBJC_IMPLEMENTATIONS = YES;
				CLANG_WARN_DIRECT_OBJC_ISA_USAGE = YES_ERROR;
				CLANG_WARN_DOCUMENTATION_COMMENTS = YES;
				CLANG_WARN_EMPTY_BODY = YES;
				CLANG_WARN_ENUM_CONVERSION = YES;
				CLANG_WARN_INFINITE_RECURSION = YES;
				CLANG_WARN_INT_CONVERSION = YES;
				CLANG_WARN_NON_LITERAL_NULL_CONVERSION = YES;
				CLANG_WARN_OBJC_IMPLICIT_RETAIN_SELF = YES;
				CLANG_WARN_OBJC_LITERAL_CONVERSION = YES;
				CLANG_WARN_OBJC_ROOT_CLASS = YES_ERROR;
				CLANG_WARN_QUOTED_INCLUDE_IN_FRAMEWORK_HEADER = YES;
				CLANG_WARN_RANGE_LOOP_ANALYSIS = YES;
				CLANG_WARN_STRICT_PROTOTYPES = YES;
				CLANG_WARN_SUSPICIOUS_MOVE = YES;
				CLANG_WARN_UNGUARDED_AVAILABILITY = YES_AGGRESSIVE;
				CLANG_WARN_UNREACHABLE_CODE = YES;
				CLANG_WARN__DUPLICATE_METHOD_MATCH = YES;
				COPY_PHASE_STRIP = NO;
				DEBUG_INFORMATION_FORMAT = dwarf;
				ENABLE_STRICT_OBJC_MSGSEND = YES;
				ENABLE_TESTABILITY = YES;
				GCC_C_LANGUAGE_STANDARD = gnu11;
				GCC_DYNAMIC_NO_PIC = NO;
				GCC_NO_COMMON_BLOCKS = YES;
				GCC_OPTIMIZATION_LEVEL = 0;
				GCC_PREPROCESSOR_DEFINITIONS = (
					"DEBUG=1",
					"$(inherited)",
				);
				GCC_WARN_64_TO_32_BIT_CONVERSION = YES;
				GCC_WARN_ABOUT_RETURN_TYPE = YES_ERROR;
				GCC_WARN_UNDECLARED_SELECTOR = YES;
				GCC_WARN_UNINITIALIZED_AUTOS = YES_AGGRESSIVE;
				GCC_WARN_UNUSED_FUNCTION = YES;
				GCC_WARN_UNUSED_VARIABLE = YES;
				IPHONEOS_DEPLOYMENT_TARGET = 14.4;
				MTL_ENABLE_DEBUG_INFO = INCLUDE_SOURCE;
				MTL_FAST_MATH = YES;
				ONLY_ACTIVE_ARCH = YES;
				SDKROOT = iphoneos;
				SWIFT_ACTIVE_COMPILATION_CONDITIONS = DEBUG;
				SWIFT_OPTIMIZATION_LEVEL = "-Onone";
			};
			name = Debug;
		};
		F0BECEAA25E740A4004960D9 /* Release */ = {
			isa = XCBuildConfiguration;
			buildSettings = {
				ALWAYS_SEARCH_USER_PATHS = NO;
				CLANG_ANALYZER_NONNULL = YES;
				CLANG_ANALYZER_NUMBER_OBJECT_CONVERSION = YES_AGGRESSIVE;
				CLANG_CXX_LANGUAGE_STANDARD = "gnu++14";
				CLANG_CXX_LIBRARY = "libc++";
				CLANG_ENABLE_MODULES = YES;
				CLANG_ENABLE_OBJC_ARC = YES;
				CLANG_ENABLE_OBJC_WEAK = YES;
				CLANG_WARN_BLOCK_CAPTURE_AUTORELEASING = YES;
				CLANG_WARN_BOOL_CONVERSION = YES;
				CLANG_WARN_COMMA = YES;
				CLANG_WARN_CONSTANT_CONVERSION = YES;
				CLANG_WARN_DEPRECATED_OBJC_IMPLEMENTATIONS = YES;
				CLANG_WARN_DIRECT_OBJC_ISA_USAGE = YES_ERROR;
				CLANG_WARN_DOCUMENTATION_COMMENTS = YES;
				CLANG_WARN_EMPTY_BODY = YES;
				CLANG_WARN_ENUM_CONVERSION = YES;
				CLANG_WARN_INFINITE_RECURSION = YES;
				CLANG_WARN_INT_CONVERSION = YES;
				CLANG_WARN_NON_LITERAL_NULL_CONVERSION = YES;
				CLANG_WARN_OBJC_IMPLICIT_RETAIN_SELF = YES;
				CLANG_WARN_OBJC_LITERAL_CONVERSION = YES;
				CLANG_WARN_OBJC_ROOT_CLASS = YES_ERROR;
				CLANG_WARN_QUOTED_INCLUDE_IN_FRAMEWORK_HEADER = YES;
				CLANG_WARN_RANGE_LOOP_ANALYSIS = YES;
				CLANG_WARN_STRICT_PROTOTYPES = YES;
				CLANG_WARN_SUSPICIOUS_MOVE = YES;
				CLANG_WARN_UNGUARDED_AVAILABILITY = YES_AGGRESSIVE;
				CLANG_WARN_UNREACHABLE_CODE = YES;
				CLANG_WARN__DUPLICATE_METHOD_MATCH = YES;
				COPY_PHASE_STRIP = NO;
				DEBUG_INFORMATION_FORMAT = "dwarf-with-dsym";
				ENABLE_NS_ASSERTIONS = NO;
				ENABLE_STRICT_OBJC_MSGSEND = YES;
				GCC_C_LANGUAGE_STANDARD = gnu11;
				GCC_NO_COMMON_BLOCKS = YES;
				GCC_WARN_64_TO_32_BIT_CONVERSION = YES;
				GCC_WARN_ABOUT_RETURN_TYPE = YES_ERROR;
				GCC_WARN_UNDECLARED_SELECTOR = YES;
				GCC_WARN_UNINITIALIZED_AUTOS = YES_AGGRESSIVE;
				GCC_WARN_UNUSED_FUNCTION = YES;
				GCC_WARN_UNUSED_VARIABLE = YES;
				IPHONEOS_DEPLOYMENT_TARGET = 14.4;
				MTL_ENABLE_DEBUG_INFO = NO;
				MTL_FAST_MATH = YES;
				SDKROOT = iphoneos;
				SWIFT_COMPILATION_MODE = wholemodule;
				SWIFT_OPTIMIZATION_LEVEL = "-O";
				VALIDATE_PRODUCT = YES;
			};
			name = Release;
		};
		F0BECEAC25E740A4004960D9 /* Debug */ = {
			isa = XCBuildConfiguration;
			buildSettings = {
				ASSETCATALOG_COMPILER_APPICON_NAME = AppIcon;
				ASSETCATALOG_COMPILER_GLOBAL_ACCENT_COLOR_NAME = AccentColor;
				CODE_SIGN_STYLE = Automatic;
				INFOPLIST_FILE = SwiftMastery/Info.plist;
				LD_RUNPATH_SEARCH_PATHS = (
					"$(inherited)",
					"@executable_path/Frameworks",
				);
				PRODUCT_BUNDLE_IDENTIFIER = heaven.SwiftMastery;
				PRODUCT_NAME = "$(TARGET_NAME)";
				SWIFT_VERSION = 5.0;
				TARGETED_DEVICE_FAMILY = "1,2";
			};
			name = Debug;
		};
		F0BECEAD25E740A4004960D9 /* Release */ = {
			isa = XCBuildConfiguration;
			buildSettings = {
				ASSETCATALOG_COMPILER_APPICON_NAME = AppIcon;
				ASSETCATALOG_COMPILER_GLOBAL_ACCENT_COLOR_NAME = AccentColor;
				CODE_SIGN_STYLE = Automatic;
				INFOPLIST_FILE = SwiftMastery/Info.plist;
				LD_RUNPATH_SEARCH_PATHS = (
					"$(inherited)",
					"@executable_path/Frameworks",
				);
				PRODUCT_BUNDLE_IDENTIFIER = heaven.SwiftMastery;
				PRODUCT_NAME = "$(TARGET_NAME)";
				SWIFT_VERSION = 5.0;
				TARGETED_DEVICE_FAMILY = "1,2";
			};
			name = Release;
		};
		F0BECEAF25E740A4004960D9 /* Debug */ = {
			isa = XCBuildConfiguration;
			buildSettings = {
				ALWAYS_EMBED_SWIFT_STANDARD_LIBRARIES = YES;
				BUNDLE_LOADER = "$(TEST_HOST)";
				CODE_SIGN_STYLE = Automatic;
				INFOPLIST_FILE = SwiftMasteryTests/Info.plist;
				IPHONEOS_DEPLOYMENT_TARGET = 14.4;
				LD_RUNPATH_SEARCH_PATHS = (
					"$(inherited)",
					"@executable_path/Frameworks",
					"@loader_path/Frameworks",
				);
				PRODUCT_BUNDLE_IDENTIFIER = heaven.SwiftMasteryTests;
				PRODUCT_NAME = "$(TARGET_NAME)";
				SWIFT_VERSION = 5.0;
				TARGETED_DEVICE_FAMILY = "1,2";
				TEST_HOST = "$(BUILT_PRODUCTS_DIR)/SwiftMastery.app/SwiftMastery";
			};
			name = Debug;
		};
		F0BECEB025E740A4004960D9 /* Release */ = {
			isa = XCBuildConfiguration;
			buildSettings = {
				ALWAYS_EMBED_SWIFT_STANDARD_LIBRARIES = YES;
				BUNDLE_LOADER = "$(TEST_HOST)";
				CODE_SIGN_STYLE = Automatic;
				INFOPLIST_FILE = SwiftMasteryTests/Info.plist;
				IPHONEOS_DEPLOYMENT_TARGET = 14.4;
				LD_RUNPATH_SEARCH_PATHS = (
					"$(inherited)",
					"@executable_path/Frameworks",
					"@loader_path/Frameworks",
				);
				PRODUCT_BUNDLE_IDENTIFIER = heaven.SwiftMasteryTests;
				PRODUCT_NAME = "$(TARGET_NAME)";
				SWIFT_VERSION = 5.0;
				TARGETED_DEVICE_FAMILY = "1,2";
				TEST_HOST = "$(BUILT_PRODUCTS_DIR)/SwiftMastery.app/SwiftMastery";
			};
			name = Release;
		};
		F0BECEB225E740A4004960D9 /* Debug */ = {
			isa = XCBuildConfiguration;
			buildSettings = {
				ALWAYS_EMBED_SWIFT_STANDARD_LIBRARIES = YES;
				CODE_SIGN_STYLE = Automatic;
				INFOPLIST_FILE = SwiftMasteryUITests/Info.plist;
				LD_RUNPATH_SEARCH_PATHS = (
					"$(inherited)",
					"@executable_path/Frameworks",
					"@loader_path/Frameworks",
				);
				PRODUCT_BUNDLE_IDENTIFIER = heaven.SwiftMasteryUITests;
				PRODUCT_NAME = "$(TARGET_NAME)";
				SWIFT_VERSION = 5.0;
				TARGETED_DEVICE_FAMILY = "1,2";
				TEST_TARGET_NAME = SwiftMastery;
			};
			name = Debug;
		};
		F0BECEB325E740A4004960D9 /* Release */ = {
			isa = XCBuildConfiguration;
			buildSettings = {
				ALWAYS_EMBED_SWIFT_STANDARD_LIBRARIES = YES;
				CODE_SIGN_STYLE = Automatic;
				INFOPLIST_FILE = SwiftMasteryUITests/Info.plist;
				LD_RUNPATH_SEARCH_PATHS = (
					"$(inherited)",
					"@executable_path/Frameworks",
					"@loader_path/Frameworks",
				);
				PRODUCT_BUNDLE_IDENTIFIER = heaven.SwiftMasteryUITests;
				PRODUCT_NAME = "$(TARGET_NAME)";
				SWIFT_VERSION = 5.0;
				TARGETED_DEVICE_FAMILY = "1,2";
				TEST_TARGET_NAME = SwiftMastery;
			};
			name = Release;
		};
/* End XCBuildConfiguration section */

/* Begin XCConfigurationList section */
		F0BECE7C25E74098004960D9 /* Build configuration list for PBXProject "SwiftMastery" */ = {
			isa = XCConfigurationList;
			buildConfigurations = (
				F0BECEA925E740A4004960D9 /* Debug */,
				F0BECEAA25E740A4004960D9 /* Release */,
			);
			defaultConfigurationIsVisible = 0;
			defaultConfigurationName = Release;
		};
		F0BECEAB25E740A4004960D9 /* Build configuration list for PBXNativeTarget "SwiftMastery" */ = {
			isa = XCConfigurationList;
			buildConfigurations = (
				F0BECEAC25E740A4004960D9 /* Debug */,
				F0BECEAD25E740A4004960D9 /* Release */,
			);
			defaultConfigurationIsVisible = 0;
			defaultConfigurationName = Release;
		};
		F0BECEAE25E740A4004960D9 /* Build configuration list for PBXNativeTarget "SwiftMasteryTests" */ = {
			isa = XCConfigurationList;
			buildConfigurations = (
				F0BECEAF25E740A4004960D9 /* Debug */,
				F0BECEB025E740A4004960D9 /* Release */,
			);
			defaultConfigurationIsVisible = 0;
			defaultConfigurationName = Release;
		};
		F0BECEB125E740A4004960D9 /* Build configuration list for PBXNativeTarget "SwiftMasteryUITests" */ = {
			isa = XCConfigurationList;
			buildConfigurations = (
				F0BECEB225E740A4004960D9 /* Debug */,
				F0BECEB325E740A4004960D9 /* Release */,
			);
			defaultConfigurationIsVisible = 0;
			defaultConfigurationName = Release;
		};
/* End XCConfigurationList section */
	};
	rootObject = F0BECE7925E74098004960D9 /* Project object */;
}
